# THIS IS AN AUTOGENERATED FILE. DO NOT EDIT THIS FILE DIRECTLY.
# yarn lockfile v1


"@babel/runtime@^7.21.0":
  version "7.28.2"
  resolved "https://registry.yarnpkg.com/@babel/runtime/-/runtime-7.28.2.tgz#2ae5a9d51cc583bd1f5673b3bb70d6d819682473"
  integrity sha512-KHp2IflsnGywDjBWDkR9iEqiWSpc8GIi0lgTT3mOElT0PP1tG26P4tmFI2YvAdzgq9RGyoHZQEIEdZy6Ec5xCA==

rete-area-plugin@^2.1.3:
  version "2.1.3"
  resolved "https://registry.yarnpkg.com/rete-area-plugin/-/rete-area-plugin-2.1.3.tgz#cfea354f3ec6a48ed790f406cd436ac79564e100"
  integrity sha512-hz7oFwf6kpV53uLQa1SL7I7G4ZULHgpx+U7YYg90uQGxCHNcXrtjK++AzUEudMYqYzRQtjFv3FongBbXVHOv/w==
  dependencies:
    "@babel/runtime" "^7.21.0"

rete-connection-plugin@^2.0.5:
  version "2.0.5"
  resolved "https://registry.yarnpkg.com/rete-connection-plugin/-/rete-connection-plugin-2.0.5.tgz#a6507156ccd36869fe8648078524f54a7417625d"
  integrity sha512-KFtlOyEJRc0y9STVgo2T+t+j9u5fxiTxbyzPbMCm0uqncb3b8d2ABDIzvWoNo5zQAh2Oz/OvlUovupbzrGzpSg==
  dependencies:
    "@babel/runtime" "^7.21.0"

rete-render-utils@^2.0.3:
  version "2.0.3"
  resolved "https://registry.yarnpkg.com/rete-render-utils/-/rete-render-utils-2.0.3.tgz#f8a1ac9b48dd373e88509d457efc46d7620f1fa0"
  integrity sha512-Oz4W2PNayHocRvlzadb5BCNf+tDzJ8RhTwB3ucBPCdCLKZ974wWDiTSCRfA287L2hmHVzRfBdyAwC03K9eP+4g==
  dependencies:
    "@babel/runtime" "^7.21.0"

rete@^2.0.6:
  version "2.0.6"
  resolved "https://registry.yarnpkg.com/rete/-/rete-2.0.6.tgz#b77d3226807d0edfac4d59f94aa45c3135556eac"
  integrity sha512-kPmlKCGFES2VWtY7Y7SCB8ZeXRMsgX5deza9cu4OwmfM/ZUimd461kC3hRyccoyVxE4POlHUx0gg2jcGfusHFg==
  dependencies:
    "@babel/runtime" "^7.21.0"
